
Microsoft Visual Studio Solution File, Format Version 12.00
Project("{FAE04EC0-301F-11D3-BF4B-00C04F79EFBC}") = "dotnet-netrace", "dotnet-netrace\dotnet-netrace.csproj", "{A71C4A11-287B-406C-A06C-21E25E5804C3}"
EndProject
Global
	GlobalSection(SolutionConfigurationPlatforms) = preSolution
		Debug|Any CPU = Debug|Any CPU
		Release|Any CPU = Release|Any CPU
	EndGlobalSection
	GlobalSection(ProjectConfigurationPlatforms) = postSolution
		{A71C4A11-287B-406C-A06C-21E25E5804C3}.Debug|Any CPU.ActiveCfg = Debug|Any CPU
		{A71C4A11-287B-406C-A06C-21E25E5804C3}.Debug|Any CPU.Build.0 = Debug|Any CPU
		{A71C4A11-287B-406C-A06C-21E25E5804C3}.Release|Any CPU.ActiveCfg = Release|Any CPU
		{A71C4A11-287B-406C-A06C-21E25E5804C3}.Release|Any CPU.Build.0 = Release|Any CPU
	EndGlobalSection
EndGlobal
