
Microsoft Visual Studio Solution File, Format Version 12.00
Project("{FAE04EC0-301F-11D3-BF4B-00C04F79EFBC}") = "dotnet-netrace", "dotnet-netrace\dotnet-netrace.csproj", "{A71C4A11-287B-406C-A06C-21E25E5804C3}"
EndProject
Global
	GlobalSection(SolutionConfigurationPlatforms) = preSolution
		Debug|AnyCPU = Debug|AnyCPU
		Release|AnyCPU = Release|AnyCPU
	EndGlobalSection
	GlobalSection(ProjectConfigurationPlatforms) = postSolution
		{A71C4A11-287B-406C-A06C-21E25E5804C3}.Debug|AnyCPU.ActiveCfg = Debug|AnyCPU
		{A71C4A11-287B-406C-A06C-21E25E5804C3}.Debug|AnyCPU.Build.0 = Debug|AnyCPU
		{A71C4A11-287B-406C-A06C-21E25E5804C3}.Release|AnyCPU.ActiveCfg = Release|AnyCPU
		{A71C4A11-287B-406C-A06C-21E25E5804C3}.Release|AnyCPU.Build.0 = Release|AnyCPU
	EndGlobalSection
EndGlobal
